
Microsoft Visual Studio Solution File, Format Version 12.00
# Visual Studio Version 16
VisualStudioVersion = 16.0.31702.278
MinimumVisualStudioVersion = 10.0.40219.1
Project("{9A19103F-16F7-4668-BE54-9A1E7A4F7556}") = "While if laskin", "While if laskin.csproj", "{65830F59-255B-4D5D-B705-4A836E90597F}"
EndProject
Global
	GlobalSection(SolutionConfigurationPlatforms) = preSolution
		Debug|Any CPU = Debug|Any CPU
		Release|Any CPU = Release|Any CPU
	EndGlobalSection
	GlobalSection(ProjectConfigurationPlatforms) = postSolution
		{65830F59-255B-4D5D-B705-4A836E90597F}.Debug|Any CPU.ActiveCfg = Debug|Any CPU
		{65830F59-255B-4D5D-B705-4A836E90597F}.Debug|Any CPU.Build.0 = Debug|Any CPU
		{65830F59-255B-4D5D-B705-4A836E90597F}.Release|Any CPU.ActiveCfg = Release|Any CPU
		{65830F59-255B-4D5D-B705-4A836E90597F}.Release|Any CPU.Build.0 = Release|Any CPU
	EndGlobalSection
	GlobalSection(SolutionProperties) = preSolution
		HideSolutionNode = FALSE
	EndGlobalSection
	GlobalSection(ExtensibilityGlobals) = postSolution
		SolutionGuid = {BB1DBDA0-7CE6-4F53-A33A-E9D63EE7AD78}
	EndGlobalSection
EndGlobal
